// !$*UTF8*$!
{
	archiveVersion = 1;
	classes = {
	};
	objectVersion = 56;
	objects = {

/* Begin PBXBuildFile section */
		C74D830129AE0597000438BF /* PageDataSource.swift in Sources */ = {isa = PBXBuildFile; fileRef = C74D830029AE0597000438BF /* PageDataSource.swift */; };
		C74D830329AE1FCB000438BF /* TitleView.swift in Sources */ = {isa = PBXBuildFile; fileRef = C74D830229AE1FCB000438BF /* TitleView.swift */; };
		C74D830529AE21F9000438BF /* TitleDataSource.swift in Sources */ = {isa = PBXBuildFile; fileRef = C74D830429AE21F9000438BF /* TitleDataSource.swift */; };
		C74D830729AE29ED000438BF /* TitleViewButton.swift in Sources */ = {isa = PBXBuildFile; fileRef = C74D830629AE29ED000438BF /* TitleViewButton.swift */; };
		C74D830929AE3BB9000438BF /* TitleViewBottomLine.swift in Sources */ = {isa = PBXBuildFile; fileRef = C74D830829AE3BB9000438BF /* TitleViewBottomLine.swift */; };
		C74D830B29AE3DE7000438BF /* FrameConfig.swift in Sources */ = {isa = PBXBuildFile; fileRef = C74D830A29AE3DE7000438BF /* FrameConfig.swift */; };
		C74D830F29AE516E000438BF /* TitleDelegate.swift in Sources */ = {isa = PBXBuildFile; fileRef = C74D830E29AE516E000438BF /* TitleDelegate.swift */; };
		C75335D429929D52007824A1 /* UIButton ext.swift in Sources */ = {isa = PBXBuildFile; fileRef = C75335D329929D52007824A1 /* UIButton ext.swift */; };
		C778EE77297ECEC7004EFCD8 /* AppDelegate.swift in Sources */ = {isa = PBXBuildFile; fileRef = C778EE76297ECEC7004EFCD8 /* AppDelegate.swift */; };
		C778EE79297ECEC7004EFCD8 /* SceneDelegate.swift in Sources */ = {isa = PBXBuildFile; fileRef = C778EE78297ECEC7004EFCD8 /* SceneDelegate.swift */; };
		C778EE7B297ECEC7004EFCD8 /* PageFlipperVC.swift in Sources */ = {isa = PBXBuildFile; fileRef = C778EE7A297ECEC7004EFCD8 /* PageFlipperVC.swift */; };
		C778EE80297ECEC8004EFCD8 /* Assets.xcassets in Resources */ = {isa = PBXBuildFile; fileRef = C778EE7F297ECEC8004EFCD8 /* Assets.xcassets */; };
		C778EE83297ECEC8004EFCD8 /* LaunchScreen.storyboard in Resources */ = {isa = PBXBuildFile; fileRef = C778EE81297ECEC8004EFCD8 /* LaunchScreen.storyboard */; };
		C778EE94297ED9F8004EFCD8 /* PageVC.swift in Sources */ = {isa = PBXBuildFile; fileRef = C778EE93297ED9F8004EFCD8 /* PageVC.swift */; };
		C7EDD18329926A1100B4A01C /* AbstractVC.swift in Sources */ = {isa = PBXBuildFile; fileRef = C7EDD18229926A1100B4A01C /* AbstractVC.swift */; };
		C7EDD18629926B3C00B4A01C /* UIColor ext.swift in Sources */ = {isa = PBXBuildFile; fileRef = C7EDD18529926B3C00B4A01C /* UIColor ext.swift */; };
/* End PBXBuildFile section */

/* Begin PBXFileReference section */
		C74D830029AE0597000438BF /* PageDataSource.swift */ = {isa = PBXFileReference; lastKnownFileType = sourcecode.swift; path = PageDataSource.swift; sourceTree = "<group>"; };
		C74D830229AE1FCB000438BF /* TitleView.swift */ = {isa = PBXFileReference; lastKnownFileType = sourcecode.swift; path = TitleView.swift; sourceTree = "<group>"; };
		C74D830429AE21F9000438BF /* TitleDataSource.swift */ = {isa = PBXFileReference; lastKnownFileType = sourcecode.swift; path = TitleDataSource.swift; sourceTree = "<group>"; };
		C74D830629AE29ED000438BF /* TitleViewButton.swift */ = {isa = PBXFileReference; lastKnownFileType = sourcecode.swift; path = TitleViewButton.swift; sourceTree = "<group>"; };
		C74D830829AE3BB9000438BF /* TitleViewBottomLine.swift */ = {isa = PBXFileReference; lastKnownFileType = sourcecode.swift; path = TitleViewBottomLine.swift; sourceTree = "<group>"; };
		C74D830A29AE3DE7000438BF /* FrameConfig.swift */ = {isa = PBXFileReference; lastKnownFileType = sourcecode.swift; path = FrameConfig.swift; sourceTree = "<group>"; };
		C74D830E29AE516E000438BF /* TitleDelegate.swift */ = {isa = PBXFileReference; lastKnownFileType = sourcecode.swift; path = TitleDelegate.swift; sourceTree = "<group>"; };
		C75335D329929D52007824A1 /* UIButton ext.swift */ = {isa = PBXFileReference; lastKnownFileType = sourcecode.swift; path = "UIButton ext.swift"; sourceTree = "<group>"; };
		C778EE73297ECEC7004EFCD8 /* PageFlipper.app */ = {isa = PBXFileReference; explicitFileType = wrapper.application; includeInIndex = 0; path = PageFlipper.app; sourceTree = BUILT_PRODUCTS_DIR; };
		C778EE76297ECEC7004EFCD8 /* AppDelegate.swift */ = {isa = PBXFileReference; lastKnownFileType = sourcecode.swift; path = AppDelegate.swift; sourceTree = "<group>"; };
		C778EE78297ECEC7004EFCD8 /* SceneDelegate.swift */ = {isa = PBXFileReference; lastKnownFileType = sourcecode.swift; path = SceneDelegate.swift; sourceTree = "<group>"; };
		C778EE7A297ECEC7004EFCD8 /* PageFlipperVC.swift */ = {isa = PBXFileReference; lastKnownFileType = sourcecode.swift; path = PageFlipperVC.swift; sourceTree = "<group>"; };
		C778EE7F297ECEC8004EFCD8 /* Assets.xcassets */ = {isa = PBXFileReference; lastKnownFileType = folder.assetcatalog; path = Assets.xcassets; sourceTree = "<group>"; };
		C778EE82297ECEC8004EFCD8 /* Base */ = {isa = PBXFileReference; lastKnownFileType = file.storyboard; name = Base; path = Base.lproj/LaunchScreen.storyboard; sourceTree = "<group>"; };
		C778EE84297ECEC8004EFCD8 /* Info.plist */ = {isa = PBXFileReference; lastKnownFileType = text.plist.xml; path = Info.plist; sourceTree = "<group>"; };
		C778EE93297ED9F8004EFCD8 /* PageVC.swift */ = {isa = PBXFileReference; lastKnownFileType = sourcecode.swift; path = PageVC.swift; sourceTree = "<group>"; };
		C7EDD18229926A1100B4A01C /* AbstractVC.swift */ = {isa = PBXFileReference; lastKnownFileType = sourcecode.swift; path = AbstractVC.swift; sourceTree = "<group>"; };
		C7EDD18529926B3C00B4A01C /* UIColor ext.swift */ = {isa = PBXFileReference; lastKnownFileType = sourcecode.swift; path = "UIColor ext.swift"; sourceTree = "<group>"; };
/* End PBXFileReference section */

/* Begin PBXFrameworksBuildPhase section */
		C778EE70297ECEC7004EFCD8 /* Frameworks */ = {
			isa = PBXFrameworksBuildPhase;
			buildActionMask = 2147483647;
			files = (
			);
			runOnlyForDeploymentPostprocessing = 0;
		};
/* End PBXFrameworksBuildPhase section */

/* Begin PBXGroup section */
		C74D82FF29AE057E000438BF /* Protocols */ = {
			isa = PBXGroup;
			children = (
				C74D830029AE0597000438BF /* PageDataSource.swift */,
				C74D830429AE21F9000438BF /* TitleDataSource.swift */,
				C74D830E29AE516E000438BF /* TitleDelegate.swift */,
			);
			path = Protocols;
			sourceTree = "<group>";
		};
		C75335D029929848007824A1 /* TitleView */ = {
			isa = PBXGroup;
			children = (
				C74D830229AE1FCB000438BF /* TitleView.swift */,
				C74D830629AE29ED000438BF /* TitleViewButton.swift */,
				C74D830829AE3BB9000438BF /* TitleViewBottomLine.swift */,
				C74D830A29AE3DE7000438BF /* FrameConfig.swift */,
			);
			path = TitleView;
			sourceTree = "<group>";
		};
		C778EE6A297ECEC7004EFCD8 = {
			isa = PBXGroup;
			children = (
				C778EE75297ECEC7004EFCD8 /* PageFlipper */,
				C778EE74297ECEC7004EFCD8 /* Products */,
			);
			sourceTree = "<group>";
		};
		C778EE74297ECEC7004EFCD8 /* Products */ = {
			isa = PBXGroup;
			children = (
				C778EE73297ECEC7004EFCD8 /* PageFlipper.app */,
			);
			name = Products;
			sourceTree = "<group>";
		};
		C778EE75297ECEC7004EFCD8 /* PageFlipper */ = {
			isa = PBXGroup;
			children = (
				C74D82FF29AE057E000438BF /* Protocols */,
				C75335D029929848007824A1 /* TitleView */,
				C7EDD18429926B2200B4A01C /* Extensions */,
				C778EE8C297ED2E8004EFCD8 /* VC */,
				C778EE8B297ED001004EFCD8 /* Delegates */,
				C778EE8A297ECFF3004EFCD8 /* Support Files */,
			);
			path = PageFlipper;
			sourceTree = "<group>";
		};
		C778EE8A297ECFF3004EFCD8 /* Support Files */ = {
			isa = PBXGroup;
			children = (
				C778EE7F297ECEC8004EFCD8 /* Assets.xcassets */,
				C778EE81297ECEC8004EFCD8 /* LaunchScreen.storyboard */,
				C778EE84297ECEC8004EFCD8 /* Info.plist */,
			);
			path = "Support Files";
			sourceTree = "<group>";
		};
		C778EE8B297ED001004EFCD8 /* Delegates */ = {
			isa = PBXGroup;
			children = (
				C778EE76297ECEC7004EFCD8 /* AppDelegate.swift */,
				C778EE78297ECEC7004EFCD8 /* SceneDelegate.swift */,
			);
			path = Delegates;
			sourceTree = "<group>";
		};
		C778EE8C297ED2E8004EFCD8 /* VC */ = {
			isa = PBXGroup;
			children = (
				C778EE7A297ECEC7004EFCD8 /* PageFlipperVC.swift */,
				C778EE93297ED9F8004EFCD8 /* PageVC.swift */,
				C7EDD18229926A1100B4A01C /* AbstractVC.swift */,
			);
			path = VC;
			sourceTree = "<group>";
		};
		C7EDD18429926B2200B4A01C /* Extensions */ = {
			isa = PBXGroup;
			children = (
				C7EDD18529926B3C00B4A01C /* UIColor ext.swift */,
				C75335D329929D52007824A1 /* UIButton ext.swift */,
			);
			path = Extensions;
			sourceTree = "<group>";
		};
/* End PBXGroup section */

/* Begin PBXNativeTarget section */
		C778EE72297ECEC7004EFCD8 /* PageFlipper */ = {
			isa = PBXNativeTarget;
			buildConfigurationList = C778EE87297ECEC8004EFCD8 /* Build configuration list for PBXNativeTarget "PageFlipper" */;
			buildPhases = (
				C778EE6F297ECEC7004EFCD8 /* Sources */,
				C778EE70297ECEC7004EFCD8 /* Frameworks */,
				C778EE71297ECEC7004EFCD8 /* Resources */,
			);
			buildRules = (
			);
			dependencies = (
			);
			name = PageFlipper;
			productName = PageFlipper;
			productReference = C778EE73297ECEC7004EFCD8 /* PageFlipper.app */;
			productType = "com.apple.product-type.application";
		};
/* End PBXNativeTarget section */

/* Begin PBXProject section */
		C778EE6B297ECEC7004EFCD8 /* Project object */ = {
			isa = PBXProject;
			attributes = {
				BuildIndependentTargetsInParallel = 1;
				LastSwiftUpdateCheck = 1400;
				LastUpgradeCheck = 1400;
				TargetAttributes = {
					C778EE72297ECEC7004EFCD8 = {
						CreatedOnToolsVersion = 14.0.1;
					};
				};
			};
			buildConfigurationList = C778EE6E297ECEC7004EFCD8 /* Build configuration list for PBXProject "PageFlipper" */;
			compatibilityVersion = "Xcode 14.0";
			developmentRegion = en;
			hasScannedForEncodings = 0;
			knownRegions = (
				en,
				Base,
			);
			mainGroup = C778EE6A297ECEC7004EFCD8;
			productRefGroup = C778EE74297ECEC7004EFCD8 /* Products */;
			projectDirPath = "";
			projectRoot = "";
			targets = (
				C778EE72297ECEC7004EFCD8 /* PageFlipper */,
			);
		};
/* End PBXProject section */

/* Begin PBXResourcesBuildPhase section */
		C778EE71297ECEC7004EFCD8 /* Resources */ = {
			isa = PBXResourcesBuildPhase;
			buildActionMask = 2147483647;
			files = (
				C778EE83297ECEC8004EFCD8 /* LaunchScreen.storyboard in Resources */,
				C778EE80297ECEC8004EFCD8 /* Assets.xcassets in Resources */,
			);
			runOnlyForDeploymentPostprocessing = 0;
		};
/* End PBXResourcesBuildPhase section */

/* Begin PBXSourcesBuildPhase section */
		C778EE6F297ECEC7004EFCD8 /* Sources */ = {
			isa = PBXSourcesBuildPhase;
			buildActionMask = 2147483647;
			files = (
				C75335D429929D52007824A1 /* UIButton ext.swift in Sources */,
				C74D830929AE3BB9000438BF /* TitleViewBottomLine.swift in Sources */,
				C74D830729AE29ED000438BF /* TitleViewButton.swift in Sources */,
				C74D830529AE21F9000438BF /* TitleDataSource.swift in Sources */,
				C7EDD18629926B3C00B4A01C /* UIColor ext.swift in Sources */,
				C7EDD18329926A1100B4A01C /* AbstractVC.swift in Sources */,
				C778EE7B297ECEC7004EFCD8 /* PageFlipperVC.swift in Sources */,
				C778EE94297ED9F8004EFCD8 /* PageVC.swift in Sources */,
				C778EE77297ECEC7004EFCD8 /* AppDelegate.swift in Sources */,
				C74D830F29AE516E000438BF /* TitleDelegate.swift in Sources */,
				C778EE79297ECEC7004EFCD8 /* SceneDelegate.swift in Sources */,
				C74D830129AE0597000438BF /* PageDataSource.swift in Sources */,
				C74D830329AE1FCB000438BF /* TitleView.swift in Sources */,
				C74D830B29AE3DE7000438BF /* FrameConfig.swift in Sources */,
			);
			runOnlyForDeploymentPostprocessing = 0;
		};
/* End PBXSourcesBuildPhase section */

/* Begin PBXVariantGroup section */
		C778EE81297ECEC8004EFCD8 /* LaunchScreen.storyboard */ = {
			isa = PBXVariantGroup;
			children = (
				C778EE82297ECEC8004EFCD8 /* Base */,
			);
			name = LaunchScreen.storyboard;
			sourceTree = "<group>";
		};
/* End PBXVariantGroup section */

/* Begin XCBuildConfiguration section */
		C778EE85297ECEC8004EFCD8 /* Debug */ = {
			isa = XCBuildConfiguration;
			buildSettings = {
				ALWAYS_SEARCH_USER_PATHS = NO;
				CLANG_ANALYZER_NONNULL = YES;
				CLANG_ANALYZER_NUMBER_OBJECT_CONVERSION = YES_AGGRESSIVE;
				CLANG_CXX_LANGUAGE_STANDARD = "gnu++20";
				CLANG_ENABLE_MODULES = YES;
				CLANG_ENABLE_OBJC_ARC = YES;
				CLANG_ENABLE_OBJC_WEAK = YES;
				CLANG_WARN_BLOCK_CAPTURE_AUTORELEASING = YES;
				CLANG_WARN_BOOL_CONVERSION = YES;
				CLANG_WARN_COMMA = YES;
				CLANG_WARN_CONSTANT_CONVERSION = YES;
				CLANG_WARN_DEPRECATED_OBJC_IMPLEMENTATIONS = YES;
				CLANG_WARN_DIRECT_OBJC_ISA_USAGE = YES_ERROR;
				CLANG_WARN_DOCUMENTATION_COMMENTS = YES;
				CLANG_WARN_EMPTY_BODY = YES;
				CLANG_WARN_ENUM_CONVERSION = YES;
				CLANG_WARN_INFINITE_RECURSION = YES;
				CLANG_WARN_INT_CONVERSION = YES;
				CLANG_WARN_NON_LITERAL_NULL_CONVERSION = YES;
				CLANG_WARN_OBJC_IMPLICIT_RETAIN_SELF = YES;
				CLANG_WARN_OBJC_LITERAL_CONVERSION = YES;
				CLANG_WARN_OBJC_ROOT_CLASS = YES_ERROR;
				CLANG_WARN_QUOTED_INCLUDE_IN_FRAMEWORK_HEADER = YES;
				CLANG_WARN_RANGE_LOOP_ANALYSIS = YES;
				CLANG_WARN_STRICT_PROTOTYPES = YES;
				CLANG_WARN_SUSPICIOUS_MOVE = YES;
				CLANG_WARN_UNGUARDED_AVAILABILITY = YES_AGGRESSIVE;
				CLANG_WARN_UNREACHABLE_CODE = YES;
				CLANG_WARN__DUPLICATE_METHOD_MATCH = YES;
				COPY_PHASE_STRIP = NO;
				DEBUG_INFORMATION_FORMAT = dwarf;
				ENABLE_STRICT_OBJC_MSGSEND = YES;
				ENABLE_TESTABILITY = YES;
				GCC_C_LANGUAGE_STANDARD = gnu11;
				GCC_DYNAMIC_NO_PIC = NO;
				GCC_NO_COMMON_BLOCKS = YES;
				GCC_OPTIMIZATION_LEVEL = 0;
				GCC_PREPROCESSOR_DEFINITIONS = (
					"DEBUG=1",
					"$(inherited)",
				);
				GCC_WARN_64_TO_32_BIT_CONVERSION = YES;
				GCC_WARN_ABOUT_RETURN_TYPE = YES_ERROR;
				GCC_WARN_UNDECLARED_SELECTOR = YES;
				GCC_WARN_UNINITIALIZED_AUTOS = YES_AGGRESSIVE;
				GCC_WARN_UNUSED_FUNCTION = YES;
				GCC_WARN_UNUSED_VARIABLE = YES;
				IPHONEOS_DEPLOYMENT_TARGET = 16.0;
				MTL_ENABLE_DEBUG_INFO = INCLUDE_SOURCE;
				MTL_FAST_MATH = YES;
				ONLY_ACTIVE_ARCH = YES;
				SDKROOT = iphoneos;
				SWIFT_ACTIVE_COMPILATION_CONDITIONS = DEBUG;
				SWIFT_OPTIMIZATION_LEVEL = "-Onone";
			};
			name = Debug;
		};
		C778EE86297ECEC8004EFCD8 /* Release */ = {
			isa = XCBuildConfiguration;
			buildSettings = {
				ALWAYS_SEARCH_USER_PATHS = NO;
				CLANG_ANALYZER_NONNULL = YES;
				CLANG_ANALYZER_NUMBER_OBJECT_CONVERSION = YES_AGGRESSIVE;
				CLANG_CXX_LANGUAGE_STANDARD = "gnu++20";
				CLANG_ENABLE_MODULES = YES;
				CLANG_ENABLE_OBJC_ARC = YES;
				CLANG_ENABLE_OBJC_WEAK = YES;
				CLANG_WARN_BLOCK_CAPTURE_AUTORELEASING = YES;
				CLANG_WARN_BOOL_CONVERSION = YES;
				CLANG_WARN_COMMA = YES;
				CLANG_WARN_CONSTANT_CONVERSION = YES;
				CLANG_WARN_DEPRECATED_OBJC_IMPLEMENTATIONS = YES;
				CLANG_WARN_DIRECT_OBJC_ISA_USAGE = YES_ERROR;
				CLANG_WARN_DOCUMENTATION_COMMENTS = YES;
				CLANG_WARN_EMPTY_BODY = YES;
				CLANG_WARN_ENUM_CONVERSION = YES;
				CLANG_WARN_INFINITE_RECURSION = YES;
				CLANG_WARN_INT_CONVERSION = YES;
				CLANG_WARN_NON_LITERAL_NULL_CONVERSION = YES;
				CLANG_WARN_OBJC_IMPLICIT_RETAIN_SELF = YES;
				CLANG_WARN_OBJC_LITERAL_CONVERSION = YES;
				CLANG_WARN_OBJC_ROOT_CLASS = YES_ERROR;
				CLANG_WARN_QUOTED_INCLUDE_IN_FRAMEWORK_HEADER = YES;
				CLANG_WARN_RANGE_LOOP_ANALYSIS = YES;
				CLANG_WARN_STRICT_PROTOTYPES = YES;
				CLANG_WARN_SUSPICIOUS_MOVE = YES;
				CLANG_WARN_UNGUARDED_AVAILABILITY = YES_AGGRESSIVE;
				CLANG_WARN_UNREACHABLE_CODE = YES;
				CLANG_WARN__DUPLICATE_METHOD_MATCH = YES;
				COPY_PHASE_STRIP = NO;
				DEBUG_INFORMATION_FORMAT = "dwarf-with-dsym";
				ENABLE_NS_ASSERTIONS = NO;
				ENABLE_STRICT_OBJC_MSGSEND = YES;
				GCC_C_LANGUAGE_STANDARD = gnu11;
				GCC_NO_COMMON_BLOCKS = YES;
				GCC_WARN_64_TO_32_BIT_CONVERSION = YES;
				GCC_WARN_ABOUT_RETURN_TYPE = YES_ERROR;
				GCC_WARN_UNDECLARED_SELECTOR = YES;
				GCC_WARN_UNINITIALIZED_AUTOS = YES_AGGRESSIVE;
				GCC_WARN_UNUSED_FUNCTION = YES;
				GCC_WARN_UNUSED_VARIABLE = YES;
				IPHONEOS_DEPLOYMENT_TARGET = 16.0;
				MTL_ENABLE_DEBUG_INFO = NO;
				MTL_FAST_MATH = YES;
				SDKROOT = iphoneos;
				SWIFT_COMPILATION_MODE = wholemodule;
				SWIFT_OPTIMIZATION_LEVEL = "-O";
				VALIDATE_PRODUCT = YES;
			};
			name = Release;
		};
		C778EE88297ECEC8004EFCD8 /* Debug */ = {
			isa = XCBuildConfiguration;
			buildSettings = {
				ASSETCATALOG_COMPILER_APPICON_NAME = AppIcon;
				ASSETCATALOG_COMPILER_GLOBAL_ACCENT_COLOR_NAME = AccentColor;
				CODE_SIGN_STYLE = Automatic;
				CURRENT_PROJECT_VERSION = 1;
				DEVELOPMENT_TEAM = C5K64GS5PN;
				GENERATE_INFOPLIST_FILE = YES;
				INFOPLIST_FILE = "PageFlipper/Support Files/Info.plist";
				INFOPLIST_KEY_UIApplicationSupportsIndirectInputEvents = YES;
				INFOPLIST_KEY_UILaunchStoryboardName = LaunchScreen;
				INFOPLIST_KEY_UISupportedInterfaceOrientations_iPad = "UIInterfaceOrientationPortrait UIInterfaceOrientationPortraitUpsideDown UIInterfaceOrientationLandscapeLeft UIInterfaceOrientationLandscapeRight";
				INFOPLIST_KEY_UISupportedInterfaceOrientations_iPhone = "UIInterfaceOrientationPortrait UIInterfaceOrientationLandscapeLeft UIInterfaceOrientationLandscapeRight";
				LD_RUNPATH_SEARCH_PATHS = (
					"$(inherited)",
					"@executable_path/Frameworks",
				);
				MARKETING_VERSION = 1.0;
				PRODUCT_BUNDLE_IDENTIFIER = "test-app.PageFlipper";
				PRODUCT_NAME = "$(TARGET_NAME)";
				SWIFT_EMIT_LOC_STRINGS = YES;
				SWIFT_VERSION = 5.0;
				TARGETED_DEVICE_FAMILY = "1,2";
			};
			name = Debug;
		};
		C778EE89297ECEC8004EFCD8 /* Release */ = {
			isa = XCBuildConfiguration;
			buildSettings = {
				ASSETCATALOG_COMPILER_APPICON_NAME = AppIcon;
				ASSETCATALOG_COMPILER_GLOBAL_ACCENT_COLOR_NAME = AccentColor;
				CODE_SIGN_STYLE = Automatic;
				CURRENT_PROJECT_VERSION = 1;
				DEVELOPMENT_TEAM = C5K64GS5PN;
				GENERATE_INFOPLIST_FILE = YES;
				INFOPLIST_FILE = "PageFlipper/Support Files/Info.plist";
				INFOPLIST_KEY_UIApplicationSupportsIndirectInputEvents = YES;
				INFOPLIST_KEY_UILaunchStoryboardName = LaunchScreen;
				INFOPLIST_KEY_UISupportedInterfaceOrientations_iPad = "UIInterfaceOrientationPortrait UIInterfaceOrientationPortraitUpsideDown UIInterfaceOrientationLandscapeLeft UIInterfaceOrientationLandscapeRight";
				INFOPLIST_KEY_UISupportedInterfaceOrientations_iPhone = "UIInterfaceOrientationPortrait UIInterfaceOrientationLandscapeLeft UIInterfaceOrientationLandscapeRight";
				LD_RUNPATH_SEARCH_PATHS = (
					"$(inherited)",
					"@executable_path/Frameworks",
				);
				MARKETING_VERSION = 1.0;
				PRODUCT_BUNDLE_IDENTIFIER = "test-app.PageFlipper";
				PRODUCT_NAME = "$(TARGET_NAME)";
				SWIFT_EMIT_LOC_STRINGS = YES;
				SWIFT_VERSION = 5.0;
				TARGETED_DEVICE_FAMILY = "1,2";
			};
			name = Release;
		};
/* End XCBuildConfiguration section */

/* Begin XCConfigurationList section */
		C778EE6E297ECEC7004EFCD8 /* Build configuration list for PBXProject "PageFlipper" */ = {
			isa = XCConfigurationList;
			buildConfigurations = (
				C778EE85297ECEC8004EFCD8 /* Debug */,
				C778EE86297ECEC8004EFCD8 /* Release */,
			);
			defaultConfigurationIsVisible = 0;
			defaultConfigurationName = Release;
		};
		C778EE87297ECEC8004EFCD8 /* Build configuration list for PBXNativeTarget "PageFlipper" */ = {
			isa = XCConfigurationList;
			buildConfigurations = (
				C778EE88297ECEC8004EFCD8 /* Debug */,
				C778EE89297ECEC8004EFCD8 /* Release */,
			);
			defaultConfigurationIsVisible = 0;
			defaultConfigurationName = Release;
		};
/* End XCConfigurationList section */
	};
	rootObject = C778EE6B297ECEC7004EFCD8 /* Project object */;
}
